
Microsoft Visual Studio Solution File, Format Version 12.00
# Visual Studio Version 17
VisualStudioVersion = 17.13.35919.96
MinimumVisualStudioVersion = 10.0.40219.1
Project("{FAE04EC0-301F-11D3-BF4B-00C04F79EFBC}") = "KnapsackSolver", "KnapsackSolver\KnapsackSolver.csproj", "{57F2DE7E-F589-4AF8-B981-EC68C8BF335C}"
EndProject
Project("{888888A0-9F3D-457C-B088-3A5042F75D52}") = "Plots", "Plots\Plots.pyproj", "{59591B81-C444-404B-B0EA-B7374EB83638}"
EndProject
Global
	GlobalSection(SolutionConfigurationPlatforms) = preSolution
		Debug|Any CPU = Debug|Any CPU
		Release|Any CPU = Release|Any CPU
	EndGlobalSection
	GlobalSection(ProjectConfigurationPlatforms) = postSolution
		{57F2DE7E-F589-4AF8-B981-EC68C8BF335C}.Debug|Any CPU.ActiveCfg = Debug|Any CPU
		{57F2DE7E-F589-4AF8-B981-EC68C8BF335C}.Debug|Any CPU.Build.0 = Debug|Any CPU
		{57F2DE7E-F589-4AF8-B981-EC68C8BF335C}.Release|Any CPU.ActiveCfg = Release|Any CPU
		{57F2DE7E-F589-4AF8-B981-EC68C8BF335C}.Release|Any CPU.Build.0 = Release|Any CPU
		{59591B81-C444-404B-B0EA-B7374EB83638}.Debug|Any CPU.ActiveCfg = Debug|Any CPU
		{59591B81-C444-404B-B0EA-B7374EB83638}.Release|Any CPU.ActiveCfg = Release|Any CPU
	EndGlobalSection
	GlobalSection(SolutionProperties) = preSolution
		HideSolutionNode = FALSE
	EndGlobalSection
	GlobalSection(ExtensibilityGlobals) = postSolution
		SolutionGuid = {14570D41-0BEC-44D0-AF89-86C92567D196}
	EndGlobalSection
EndGlobal
